
Microsoft Visual Studio Solution File, Format Version 12.00
# Visual Studio 15
VisualStudioVersion = 15.0.26730.15
MinimumVisualStudioVersion = 10.0.40219.1
Project("{FAE04EC0-301F-11D3-BF4B-00C04F79EFBC}") = "AppECommerce.Android", "AppECommerce\AppECommerce.Android\AppECommerce.Android.csproj", "{B6EB17CC-83D4-47A8-9F81-5D34804C01B6}"
EndProject
Project("{FAE04EC0-301F-11D3-BF4B-00C04F79EFBC}") = "AppECommerce", "AppECommerce\AppECommerce\AppECommerce.csproj", "{E9694C64-CD38-4D88-89EC-F16FBD7E1294}"
EndProject
Project("{FAE04EC0-301F-11D3-BF4B-00C04F79EFBC}") = "AppECommerce.UWP", "AppECommerce\AppECommerce.UWP\AppECommerce.UWP.csproj", "{40A503B0-3E3C-42F9-BB8F-F7E312B4987D}"
EndProject
Project("{FAE04EC0-301F-11D3-BF4B-00C04F79EFBC}") = "AppECommerce.iOS", "AppECommerce\AppECommerce.iOS\AppECommerce.iOS.csproj", "{A6728576-5AC5-49A3-B7BE-133A9B0F7318}"
EndProject
Global
	GlobalSection(SolutionConfigurationPlatforms) = preSolution
		Ad-Hoc|Any CPU = Ad-Hoc|Any CPU
		Ad-Hoc|ARM = Ad-Hoc|ARM
		Ad-Hoc|iPhone = Ad-Hoc|iPhone
		Ad-Hoc|iPhoneSimulator = Ad-Hoc|iPhoneSimulator
		Ad-Hoc|x64 = Ad-Hoc|x64
		Ad-Hoc|x86 = Ad-Hoc|x86
		AppStore|Any CPU = AppStore|Any CPU
		AppStore|ARM = AppStore|ARM
		AppStore|iPhone = AppStore|iPhone
		AppStore|iPhoneSimulator = AppStore|iPhoneSimulator
		AppStore|x64 = AppStore|x64
		AppStore|x86 = AppStore|x86
		Debug|Any CPU = Debug|Any CPU
		Debug|ARM = Debug|ARM
		Debug|iPhone = Debug|iPhone
		Debug|iPhoneSimulator = Debug|iPhoneSimulator
		Debug|x64 = Debug|x64
		Debug|x86 = Debug|x86
		Release|Any CPU = Release|Any CPU
		Release|ARM = Release|ARM
		Release|iPhone = Release|iPhone
		Release|iPhoneSimulator = Release|iPhoneSimulator
		Release|x64 = Release|x64
		Release|x86 = Release|x86
	EndGlobalSection
	GlobalSection(ProjectConfigurationPlatforms) = postSolution
		{B6EB17CC-83D4-47A8-9F81-5D34804C01B6}.Ad-Hoc|Any CPU.ActiveCfg = Release|Any CPU
		{B6EB17CC-83D4-47A8-9F81-5D34804C01B6}.Ad-Hoc|Any CPU.Build.0 = Release|Any CPU
		{B6EB17CC-83D4-47A8-9F81-5D34804C01B6}.Ad-Hoc|Any CPU.Deploy.0 = Release|Any CPU
		{B6EB17CC-83D4-47A8-9F81-5D34804C01B6}.Ad-Hoc|ARM.ActiveCfg = Release|Any CPU
		{B6EB17CC-83D4-47A8-9F81-5D34804C01B6}.Ad-Hoc|ARM.Build.0 = Release|Any CPU
		{B6EB17CC-83D4-47A8-9F81-5D34804C01B6}.Ad-Hoc|ARM.Deploy.0 = Release|Any CPU
		{B6EB17CC-83D4-47A8-9F81-5D34804C01B6}.Ad-Hoc|iPhone.ActiveCfg = Release|Any CPU
		{B6EB17CC-83D4-47A8-9F81-5D34804C01B6}.Ad-Hoc|iPhone.Build.0 = Release|Any CPU
		{B6EB17CC-83D4-47A8-9F81-5D34804C01B6}.Ad-Hoc|iPhone.Deploy.0 = Release|Any CPU
		{B6EB17CC-83D4-47A8-9F81-5D34804C01B6}.Ad-Hoc|iPhoneSimulator.ActiveCfg = Release|Any CPU
		{B6EB17CC-83D4-47A8-9F81-5D34804C01B6}.Ad-Hoc|iPhoneSimulator.Build.0 = Release|Any CPU
		{B6EB17CC-83D4-47A8-9F81-5D34804C01B6}.Ad-Hoc|iPhoneSimulator.Deploy.0 = Release|Any CPU
		{B6EB17CC-83D4-47A8-9F81-5D34804C01B6}.Ad-Hoc|x64.ActiveCfg = Release|Any CPU
		{B6EB17CC-83D4-47A8-9F81-5D34804C01B6}.Ad-Hoc|x64.Build.0 = Release|Any CPU
		{B6EB17CC-83D4-47A8-9F81-5D34804C01B6}.Ad-Hoc|x64.Deploy.0 = Release|Any CPU
		{B6EB17CC-83D4-47A8-9F81-5D34804C01B6}.Ad-Hoc|x86.ActiveCfg = Release|Any CPU
		{B6EB17CC-83D4-47A8-9F81-5D34804C01B6}.Ad-Hoc|x86.Build.0 = Release|Any CPU
		{B6EB17CC-83D4-47A8-9F81-5D34804C01B6}.Ad-Hoc|x86.Deploy.0 = Release|Any CPU
		{B6EB17CC-83D4-47A8-9F81-5D34804C01B6}.AppStore|Any CPU.ActiveCfg = Release|Any CPU
		{B6EB17CC-83D4-47A8-9F81-5D34804C01B6}.AppStore|Any CPU.Build.0 = Release|Any CPU
		{B6EB17CC-83D4-47A8-9F81-5D34804C01B6}.AppStore|Any CPU.Deploy.0 = Release|Any CPU
		{B6EB17CC-83D4-47A8-9F81-5D34804C01B6}.AppStore|ARM.ActiveCfg = Release|Any CPU
		{B6EB17CC-83D4-47A8-9F81-5D34804C01B6}.AppStore|ARM.Build.0 = Release|Any CPU
		{B6EB17CC-83D4-47A8-9F81-5D34804C01B6}.AppStore|ARM.Deploy.0 = Release|Any CPU
		{B6EB17CC-83D4-47A8-9F81-5D34804C01B6}.AppStore|iPhone.ActiveCfg = Release|Any CPU
		{B6EB17CC-83D4-47A8-9F81-5D34804C01B6}.AppStore|iPhone.Build.0 = Release|Any CPU
		{B6EB17CC-83D4-47A8-9F81-5D34804C01B6}.AppStore|iPhone.Deploy.0 = Release|Any CPU
		{B6EB17CC-83D4-47A8-9F81-5D34804C01B6}.AppStore|iPhoneSimulator.ActiveCfg = Release|Any CPU
		{B6EB17CC-83D4-47A8-9F81-5D34804C01B6}.AppStore|iPhoneSimulator.Build.0 = Release|Any CPU
		{B6EB17CC-83D4-47A8-9F81-5D34804C01B6}.AppStore|iPhoneSimulator.Deploy.0 = Release|Any CPU
		{B6EB17CC-83D4-47A8-9F81-5D34804C01B6}.AppStore|x64.ActiveCfg = Release|Any CPU
		{B6EB17CC-83D4-47A8-9F81-5D34804C01B6}.AppStore|x64.Build.0 = Release|Any CPU
		{B6EB17CC-83D4-47A8-9F81-5D34804C01B6}.AppStore|x64.Deploy.0 = Release|Any CPU
		{B6EB17CC-83D4-47A8-9F81-5D34804C01B6}.AppStore|x86.ActiveCfg = Release|Any CPU
		{B6EB17CC-83D4-47A8-9F81-5D34804C01B6}.AppStore|x86.Build.0 = Release|Any CPU
		{B6EB17CC-83D4-47A8-9F81-5D34804C01B6}.AppStore|x86.Deploy.0 = Release|Any CPU
		{B6EB17CC-83D4-47A8-9F81-5D34804C01B6}.Debug|Any CPU.ActiveCfg = Debug|Any CPU
		{B6EB17CC-83D4-47A8-9F81-5D34804C01B6}.Debug|Any CPU.Build.0 = Debug|Any CPU
		{B6EB17CC-83D4-47A8-9F81-5D34804C01B6}.Debug|Any CPU.Deploy.0 = Debug|Any CPU
		{B6EB17CC-83D4-47A8-9F81-5D34804C01B6}.Debug|ARM.ActiveCfg = Debug|Any CPU
		{B6EB17CC-83D4-47A8-9F81-5D34804C01B6}.Debug|ARM.Build.0 = Debug|Any CPU
		{B6EB17CC-83D4-47A8-9F81-5D34804C01B6}.Debug|ARM.Deploy.0 = Debug|Any CPU
		{B6EB17CC-83D4-47A8-9F81-5D34804C01B6}.Debug|iPhone.ActiveCfg = Debug|Any CPU
		{B6EB17CC-83D4-47A8-9F81-5D34804C01B6}.Debug|iPhone.Build.0 = Debug|Any CPU
		{B6EB17CC-83D4-47A8-9F81-5D34804C01B6}.Debug|iPhone.Deploy.0 = Debug|Any CPU
		{B6EB17CC-83D4-47A8-9F81-5D34804C01B6}.Debug|iPhoneSimulator.ActiveCfg = Debug|Any CPU
		{B6EB17CC-83D4-47A8-9F81-5D34804C01B6}.Debug|iPhoneSimulator.Build.0 = Debug|Any CPU
		{B6EB17CC-83D4-47A8-9F81-5D34804C01B6}.Debug|iPhoneSimulator.Deploy.0 = Debug|Any CPU
		{B6EB17CC-83D4-47A8-9F81-5D34804C01B6}.Debug|x64.ActiveCfg = Debug|Any CPU
		{B6EB17CC-83D4-47A8-9F81-5D34804C01B6}.Debug|x64.Build.0 = Debug|Any CPU
		{B6EB17CC-83D4-47A8-9F81-5D34804C01B6}.Debug|x64.Deploy.0 = Debug|Any CPU
		{B6EB17CC-83D4-47A8-9F81-5D34804C01B6}.Debug|x86.ActiveCfg = Debug|Any CPU
		{B6EB17CC-83D4-47A8-9F81-5D34804C01B6}.Debug|x86.Build.0 = Debug|Any CPU
		{B6EB17CC-83D4-47A8-9F81-5D34804C01B6}.Debug|x86.Deploy.0 = Debug|Any CPU
		{B6EB17CC-83D4-47A8-9F81-5D34804C01B6}.Release|Any CPU.ActiveCfg = Release|Any CPU
		{B6EB17CC-83D4-47A8-9F81-5D34804C01B6}.Release|Any CPU.Build.0 = Release|Any CPU
		{B6EB17CC-83D4-47A8-9F81-5D34804C01B6}.Release|Any CPU.Deploy.0 = Release|Any CPU
		{B6EB17CC-83D4-47A8-9F81-5D34804C01B6}.Release|ARM.ActiveCfg = Release|Any CPU
		{B6EB17CC-83D4-47A8-9F81-5D34804C01B6}.Release|ARM.Build.0 = Release|Any CPU
		{B6EB17CC-83D4-47A8-9F81-5D34804C01B6}.Release|ARM.Deploy.0 = Release|Any CPU
		{B6EB17CC-83D4-47A8-9F81-5D34804C01B6}.Release|iPhone.ActiveCfg = Release|Any CPU
		{B6EB17CC-83D4-47A8-9F81-5D34804C01B6}.Release|iPhone.Build.0 = Release|Any CPU
		{B6EB17CC-83D4-47A8-9F81-5D34804C01B6}.Release|iPhone.Deploy.0 = Release|Any CPU
		{B6EB17CC-83D4-47A8-9F81-5D34804C01B6}.Release|iPhoneSimulator.ActiveCfg = Release|Any CPU
		{B6EB17CC-83D4-47A8-9F81-5D34804C01B6}.Release|iPhoneSimulator.Build.0 = Release|Any CPU
		{B6EB17CC-83D4-47A8-9F81-5D34804C01B6}.Release|iPhoneSimulator.Deploy.0 = Release|Any CPU
		{B6EB17CC-83D4-47A8-9F81-5D34804C01B6}.Release|x64.ActiveCfg = Release|Any CPU
		{B6EB17CC-83D4-47A8-9F81-5D34804C01B6}.Release|x64.Build.0 = Release|Any CPU
		{B6EB17CC-83D4-47A8-9F81-5D34804C01B6}.Release|x64.Deploy.0 = Release|Any CPU
		{B6EB17CC-83D4-47A8-9F81-5D34804C01B6}.Release|x86.ActiveCfg = Release|Any CPU
		{B6EB17CC-83D4-47A8-9F81-5D34804C01B6}.Release|x86.Build.0 = Release|Any CPU
		{B6EB17CC-83D4-47A8-9F81-5D34804C01B6}.Release|x86.Deploy.0 = Release|Any CPU
		{E9694C64-CD38-4D88-89EC-F16FBD7E1294}.Ad-Hoc|Any CPU.ActiveCfg = Release|Any CPU
		{E9694C64-CD38-4D88-89EC-F16FBD7E1294}.Ad-Hoc|Any CPU.Build.0 = Release|Any CPU
		{E9694C64-CD38-4D88-89EC-F16FBD7E1294}.Ad-Hoc|ARM.ActiveCfg = Release|Any CPU
		{E9694C64-CD38-4D88-89EC-F16FBD7E1294}.Ad-Hoc|ARM.Build.0 = Release|Any CPU
		{E9694C64-CD38-4D88-89EC-F16FBD7E1294}.Ad-Hoc|iPhone.ActiveCfg = Release|Any CPU
		{E9694C64-CD38-4D88-89EC-F16FBD7E1294}.Ad-Hoc|iPhone.Build.0 = Release|Any CPU
		{E9694C64-CD38-4D88-89EC-F16FBD7E1294}.Ad-Hoc|iPhoneSimulator.ActiveCfg = Release|Any CPU
		{E9694C64-CD38-4D88-89EC-F16FBD7E1294}.Ad-Hoc|iPhoneSimulator.Build.0 = Release|Any CPU
		{E9694C64-CD38-4D88-89EC-F16FBD7E1294}.Ad-Hoc|x64.ActiveCfg = Release|Any CPU
		{E9694C64-CD38-4D88-89EC-F16FBD7E1294}.Ad-Hoc|x64.Build.0 = Release|Any CPU
		{E9694C64-CD38-4D88-89EC-F16FBD7E1294}.Ad-Hoc|x86.ActiveCfg = Release|Any CPU
		{E9694C64-CD38-4D88-89EC-F16FBD7E1294}.Ad-Hoc|x86.Build.0 = Release|Any CPU
		{E9694C64-CD38-4D88-89EC-F16FBD7E1294}.AppStore|Any CPU.ActiveCfg = Release|Any CPU
		{E9694C64-CD38-4D88-89EC-F16FBD7E1294}.AppStore|Any CPU.Build.0 = Release|Any CPU
		{E9694C64-CD38-4D88-89EC-F16FBD7E1294}.AppStore|ARM.ActiveCfg = Release|Any CPU
		{E9694C64-CD38-4D88-89EC-F16FBD7E1294}.AppStore|ARM.Build.0 = Release|Any CPU
		{E9694C64-CD38-4D88-89EC-F16FBD7E1294}.AppStore|iPhone.ActiveCfg = Release|Any CPU
		{E9694C64-CD38-4D88-89EC-F16FBD7E1294}.AppStore|iPhone.Build.0 = Release|Any CPU
		{E9694C64-CD38-4D88-89EC-F16FBD7E1294}.AppStore|iPhoneSimulator.ActiveCfg = Release|Any CPU
		{E9694C64-CD38-4D88-89EC-F16FBD7E1294}.AppStore|iPhoneSimulator.Build.0 = Release|Any CPU
		{E9694C64-CD38-4D88-89EC-F16FBD7E1294}.AppStore|x64.ActiveCfg = Release|Any CPU
		{E9694C64-CD38-4D88-89EC-F16FBD7E1294}.AppStore|x64.Build.0 = Release|Any CPU
		{E9694C64-CD38-4D88-89EC-F16FBD7E1294}.AppStore|x86.ActiveCfg = Release|Any CPU
		{E9694C64-CD38-4D88-89EC-F16FBD7E1294}.AppStore|x86.Build.0 = Release|Any CPU
		{E9694C64-CD38-4D88-89EC-F16FBD7E1294}.Debug|Any CPU.ActiveCfg = Debug|Any CPU
		{E9694C64-CD38-4D88-89EC-F16FBD7E1294}.Debug|Any CPU.Build.0 = Debug|Any CPU
		{E9694C64-CD38-4D88-89EC-F16FBD7E1294}.Debug|ARM.ActiveCfg = Debug|Any CPU
		{E9694C64-CD38-4D88-89EC-F16FBD7E1294}.Debug|ARM.Build.0 = Debug|Any CPU
		{E9694C64-CD38-4D88-89EC-F16FBD7E1294}.Debug|iPhone.ActiveCfg = Debug|Any CPU
		{E9694C64-CD38-4D88-89EC-F16FBD7E1294}.Debug|iPhone.Build.0 = Debug|Any CPU
		{E9694C64-CD38-4D88-89EC-F16FBD7E1294}.Debug|iPhoneSimulator.ActiveCfg = Debug|Any CPU
		{E9694C64-CD38-4D88-89EC-F16FBD7E1294}.Debug|iPhoneSimulator.Build.0 = Debug|Any CPU
		{E9694C64-CD38-4D88-89EC-F16FBD7E1294}.Debug|x64.ActiveCfg = Debug|Any CPU
		{E9694C64-CD38-4D88-89EC-F16FBD7E1294}.Debug|x64.Build.0 = Debug|Any CPU
		{E9694C64-CD38-4D88-89EC-F16FBD7E1294}.Debug|x86.ActiveCfg = Debug|Any CPU
		{E9694C64-CD38-4D88-89EC-F16FBD7E1294}.Debug|x86.Build.0 = Debug|Any CPU
		{E9694C64-CD38-4D88-89EC-F16FBD7E1294}.Release|Any CPU.ActiveCfg = Release|Any CPU
		{E9694C64-CD38-4D88-89EC-F16FBD7E1294}.Release|Any CPU.Build.0 = Release|Any CPU
		{E9694C64-CD38-4D88-89EC-F16FBD7E1294}.Release|ARM.ActiveCfg = Release|Any CPU
		{E9694C64-CD38-4D88-89EC-F16FBD7E1294}.Release|ARM.Build.0 = Release|Any CPU
		{E9694C64-CD38-4D88-89EC-F16FBD7E1294}.Release|iPhone.ActiveCfg = Release|Any CPU
		{E9694C64-CD38-4D88-89EC-F16FBD7E1294}.Release|iPhone.Build.0 = Release|Any CPU
		{E9694C64-CD38-4D88-89EC-F16FBD7E1294}.Release|iPhoneSimulator.ActiveCfg = Release|Any CPU
		{E9694C64-CD38-4D88-89EC-F16FBD7E1294}.Release|iPhoneSimulator.Build.0 = Release|Any CPU
		{E9694C64-CD38-4D88-89EC-F16FBD7E1294}.Release|x64.ActiveCfg = Release|Any CPU
		{E9694C64-CD38-4D88-89EC-F16FBD7E1294}.Release|x64.Build.0 = Release|Any CPU
		{E9694C64-CD38-4D88-89EC-F16FBD7E1294}.Release|x86.ActiveCfg = Release|Any CPU
		{E9694C64-CD38-4D88-89EC-F16FBD7E1294}.Release|x86.Build.0 = Release|Any CPU
		{40A503B0-3E3C-42F9-BB8F-F7E312B4987D}.Ad-Hoc|Any CPU.ActiveCfg = Release|x86
		{40A503B0-3E3C-42F9-BB8F-F7E312B4987D}.Ad-Hoc|Any CPU.Build.0 = Release|x86
		{40A503B0-3E3C-42F9-BB8F-F7E312B4987D}.Ad-Hoc|Any CPU.Deploy.0 = Release|x86
		{40A503B0-3E3C-42F9-BB8F-F7E312B4987D}.Ad-Hoc|ARM.ActiveCfg = Release|ARM
		{40A503B0-3E3C-42F9-BB8F-F7E312B4987D}.Ad-Hoc|ARM.Build.0 = Release|ARM
		{40A503B0-3E3C-42F9-BB8F-F7E312B4987D}.Ad-Hoc|ARM.Deploy.0 = Release|ARM
		{40A503B0-3E3C-42F9-BB8F-F7E312B4987D}.Ad-Hoc|iPhone.ActiveCfg = Release|x86
		{40A503B0-3E3C-42F9-BB8F-F7E312B4987D}.Ad-Hoc|iPhone.Build.0 = Release|x86
		{40A503B0-3E3C-42F9-BB8F-F7E312B4987D}.Ad-Hoc|iPhone.Deploy.0 = Release|x86
		{40A503B0-3E3C-42F9-BB8F-F7E312B4987D}.Ad-Hoc|iPhoneSimulator.ActiveCfg = Release|x86
		{40A503B0-3E3C-42F9-BB8F-F7E312B4987D}.Ad-Hoc|iPhoneSimulator.Build.0 = Release|x86
		{40A503B0-3E3C-42F9-BB8F-F7E312B4987D}.Ad-Hoc|iPhoneSimulator.Deploy.0 = Release|x86
		{40A503B0-3E3C-42F9-BB8F-F7E312B4987D}.Ad-Hoc|x64.ActiveCfg = Release|x64
		{40A503B0-3E3C-42F9-BB8F-F7E312B4987D}.Ad-Hoc|x64.Build.0 = Release|x64
		{40A503B0-3E3C-42F9-BB8F-F7E312B4987D}.Ad-Hoc|x64.Deploy.0 = Release|x64
		{40A503B0-3E3C-42F9-BB8F-F7E312B4987D}.Ad-Hoc|x86.ActiveCfg = Release|x86
		{40A503B0-3E3C-42F9-BB8F-F7E312B4987D}.Ad-Hoc|x86.Build.0 = Release|x86
		{40A503B0-3E3C-42F9-BB8F-F7E312B4987D}.Ad-Hoc|x86.Deploy.0 = Release|x86
		{40A503B0-3E3C-42F9-BB8F-F7E312B4987D}.AppStore|Any CPU.ActiveCfg = Release|x86
		{40A503B0-3E3C-42F9-BB8F-F7E312B4987D}.AppStore|Any CPU.Build.0 = Release|x86
		{40A503B0-3E3C-42F9-BB8F-F7E312B4987D}.AppStore|Any CPU.Deploy.0 = Release|x86
		{40A503B0-3E3C-42F9-BB8F-F7E312B4987D}.AppStore|ARM.ActiveCfg = Release|ARM
		{40A503B0-3E3C-42F9-BB8F-F7E312B4987D}.AppStore|ARM.Build.0 = Release|ARM
		{40A503B0-3E3C-42F9-BB8F-F7E312B4987D}.AppStore|ARM.Deploy.0 = Release|ARM
		{40A503B0-3E3C-42F9-BB8F-F7E312B4987D}.AppStore|iPhone.ActiveCfg = Release|x86
		{40A503B0-3E3C-42F9-BB8F-F7E312B4987D}.AppStore|iPhone.Build.0 = Release|x86
		{40A503B0-3E3C-42F9-BB8F-F7E312B4987D}.AppStore|iPhone.Deploy.0 = Release|x86
		{40A503B0-3E3C-42F9-BB8F-F7E312B4987D}.AppStore|iPhoneSimulator.ActiveCfg = Release|x86
		{40A503B0-3E3C-42F9-BB8F-F7E312B4987D}.AppStore|iPhoneSimulator.Build.0 = Release|x86
		{40A503B0-3E3C-42F9-BB8F-F7E312B4987D}.AppStore|iPhoneSimulator.Deploy.0 = Release|x86
		{40A503B0-3E3C-42F9-BB8F-F7E312B4987D}.AppStore|x64.ActiveCfg = Release|x64
		{40A503B0-3E3C-42F9-BB8F-F7E312B4987D}.AppStore|x64.Build.0 = Release|x64
		{40A503B0-3E3C-42F9-BB8F-F7E312B4987D}.AppStore|x64.Deploy.0 = Release|x64
		{40A503B0-3E3C-42F9-BB8F-F7E312B4987D}.AppStore|x86.ActiveCfg = Release|x86
		{40A503B0-3E3C-42F9-BB8F-F7E312B4987D}.AppStore|x86.Build.0 = Release|x86
		{40A503B0-3E3C-42F9-BB8F-F7E312B4987D}.AppStore|x86.Deploy.0 = Release|x86
		{40A503B0-3E3C-42F9-BB8F-F7E312B4987D}.Debug|Any CPU.ActiveCfg = Debug|x86
		{40A503B0-3E3C-42F9-BB8F-F7E312B4987D}.Debug|ARM.ActiveCfg = Debug|ARM
		{40A503B0-3E3C-42F9-BB8F-F7E312B4987D}.Debug|ARM.Build.0 = Debug|ARM
		{40A503B0-3E3C-42F9-BB8F-F7E312B4987D}.Debug|ARM.Deploy.0 = Debug|ARM
		{40A503B0-3E3C-42F9-BB8F-F7E312B4987D}.Debug|iPhone.ActiveCfg = Debug|x86
		{40A503B0-3E3C-42F9-BB8F-F7E312B4987D}.Debug|iPhoneSimulator.ActiveCfg = Debug|x86
		{40A503B0-3E3C-42F9-BB8F-F7E312B4987D}.Debug|x64.ActiveCfg = Debug|x64
		{40A503B0-3E3C-42F9-BB8F-F7E312B4987D}.Debug|x64.Build.0 = Debug|x64
		{40A503B0-3E3C-42F9-BB8F-F7E312B4987D}.Debug|x64.Deploy.0 = Debug|x64
		{40A503B0-3E3C-42F9-BB8F-F7E312B4987D}.Debug|x86.ActiveCfg = Debug|x86
		{40A503B0-3E3C-42F9-BB8F-F7E312B4987D}.Debug|x86.Build.0 = Debug|x86
		{40A503B0-3E3C-42F9-BB8F-F7E312B4987D}.Debug|x86.Deploy.0 = Debug|x86
		{40A503B0-3E3C-42F9-BB8F-F7E312B4987D}.Release|Any CPU.ActiveCfg = Release|x86
		{40A503B0-3E3C-42F9-BB8F-F7E312B4987D}.Release|ARM.ActiveCfg = Release|ARM
		{40A503B0-3E3C-42F9-BB8F-F7E312B4987D}.Release|ARM.Build.0 = Release|ARM
		{40A503B0-3E3C-42F9-BB8F-F7E312B4987D}.Release|ARM.Deploy.0 = Release|ARM
		{40A503B0-3E3C-42F9-BB8F-F7E312B4987D}.Release|iPhone.ActiveCfg = Release|x86
		{40A503B0-3E3C-42F9-BB8F-F7E312B4987D}.Release|iPhoneSimulator.ActiveCfg = Release|x86
		{40A503B0-3E3C-42F9-BB8F-F7E312B4987D}.Release|x64.ActiveCfg = Release|x64
		{40A503B0-3E3C-42F9-BB8F-F7E312B4987D}.Release|x64.Build.0 = Release|x64
		{40A503B0-3E3C-42F9-BB8F-F7E312B4987D}.Release|x64.Deploy.0 = Release|x64
		{40A503B0-3E3C-42F9-BB8F-F7E312B4987D}.Release|x86.ActiveCfg = Release|x86
		{40A503B0-3E3C-42F9-BB8F-F7E312B4987D}.Release|x86.Build.0 = Release|x86
		{40A503B0-3E3C-42F9-BB8F-F7E312B4987D}.Release|x86.Deploy.0 = Release|x86
		{A6728576-5AC5-49A3-B7BE-133A9B0F7318}.Ad-Hoc|Any CPU.ActiveCfg = Ad-Hoc|iPhone
		{A6728576-5AC5-49A3-B7BE-133A9B0F7318}.Ad-Hoc|ARM.ActiveCfg = Ad-Hoc|iPhone
		{A6728576-5AC5-49A3-B7BE-133A9B0F7318}.Ad-Hoc|iPhone.ActiveCfg = Ad-Hoc|iPhone
		{A6728576-5AC5-49A3-B7BE-133A9B0F7318}.Ad-Hoc|iPhone.Build.0 = Ad-Hoc|iPhone
		{A6728576-5AC5-49A3-B7BE-133A9B0F7318}.Ad-Hoc|iPhoneSimulator.ActiveCfg = Ad-Hoc|iPhoneSimulator
		{A6728576-5AC5-49A3-B7BE-133A9B0F7318}.Ad-Hoc|iPhoneSimulator.Build.0 = Ad-Hoc|iPhoneSimulator
		{A6728576-5AC5-49A3-B7BE-133A9B0F7318}.Ad-Hoc|x64.ActiveCfg = Ad-Hoc|iPhone
		{A6728576-5AC5-49A3-B7BE-133A9B0F7318}.Ad-Hoc|x86.ActiveCfg = Ad-Hoc|iPhone
		{A6728576-5AC5-49A3-B7BE-133A9B0F7318}.AppStore|Any CPU.ActiveCfg = AppStore|iPhone
		{A6728576-5AC5-49A3-B7BE-133A9B0F7318}.AppStore|ARM.ActiveCfg = AppStore|iPhone
		{A6728576-5AC5-49A3-B7BE-133A9B0F7318}.AppStore|iPhone.ActiveCfg = AppStore|iPhone
		{A6728576-5AC5-49A3-B7BE-133A9B0F7318}.AppStore|iPhone.Build.0 = AppStore|iPhone
		{A6728576-5AC5-49A3-B7BE-133A9B0F7318}.AppStore|iPhoneSimulator.ActiveCfg = AppStore|iPhoneSimulator
		{A6728576-5AC5-49A3-B7BE-133A9B0F7318}.AppStore|iPhoneSimulator.Build.0 = AppStore|iPhoneSimulator
		{A6728576-5AC5-49A3-B7BE-133A9B0F7318}.AppStore|x64.ActiveCfg = AppStore|iPhone
		{A6728576-5AC5-49A3-B7BE-133A9B0F7318}.AppStore|x86.ActiveCfg = AppStore|iPhone
		{A6728576-5AC5-49A3-B7BE-133A9B0F7318}.Debug|Any CPU.ActiveCfg = Debug|iPhone
		{A6728576-5AC5-49A3-B7BE-133A9B0F7318}.Debug|ARM.ActiveCfg = Debug|iPhone
		{A6728576-5AC5-49A3-B7BE-133A9B0F7318}.Debug|iPhone.ActiveCfg = Debug|iPhone
		{A6728576-5AC5-49A3-B7BE-133A9B0F7318}.Debug|iPhone.Build.0 = Debug|iPhone
		{A6728576-5AC5-49A3-B7BE-133A9B0F7318}.Debug|iPhoneSimulator.ActiveCfg = Debug|iPhoneSimulator
		{A6728576-5AC5-49A3-B7BE-133A9B0F7318}.Debug|iPhoneSimulator.Build.0 = Debug|iPhoneSimulator
		{A6728576-5AC5-49A3-B7BE-133A9B0F7318}.Debug|x64.ActiveCfg = Debug|iPhone
		{A6728576-5AC5-49A3-B7BE-133A9B0F7318}.Debug|x86.ActiveCfg = Debug|iPhone
		{A6728576-5AC5-49A3-B7BE-133A9B0F7318}.Release|Any CPU.ActiveCfg = Release|iPhone
		{A6728576-5AC5-49A3-B7BE-133A9B0F7318}.Release|ARM.ActiveCfg = Release|iPhone
		{A6728576-5AC5-49A3-B7BE-133A9B0F7318}.Release|iPhone.ActiveCfg = Release|iPhone
		{A6728576-5AC5-49A3-B7BE-133A9B0F7318}.Release|iPhone.Build.0 = Release|iPhone
		{A6728576-5AC5-49A3-B7BE-133A9B0F7318}.Release|iPhoneSimulator.ActiveCfg = Release|iPhoneSimulator
		{A6728576-5AC5-49A3-B7BE-133A9B0F7318}.Release|iPhoneSimulator.Build.0 = Release|iPhoneSimulator
		{A6728576-5AC5-49A3-B7BE-133A9B0F7318}.Release|x64.ActiveCfg = Release|iPhone
		{A6728576-5AC5-49A3-B7BE-133A9B0F7318}.Release|x86.ActiveCfg = Release|iPhone
	EndGlobalSection
	GlobalSection(SolutionProperties) = preSolution
		HideSolutionNode = FALSE
	EndGlobalSection
	GlobalSection(ExtensibilityGlobals) = postSolution
		SolutionGuid = {A45306AA-52FF-4F6E-8574-9254F7E4A5FC}
	EndGlobalSection
EndGlobal
